// !$*UTF8*$!
{
	archiveVersion = 1;
	classes = {
	};
	objectVersion = 56;
	objects = {

/* Begin PBXFileReference section */
		037B383C294B5B9E00FC8617 /* Activity.swift */ = {isa = PBXFileReference; lastKnownFileType = sourcecode.swift; path = Activity.swift; sourceTree = "<group>"; };
		0392F9272950BBB000ACDEDC /* Color+init_hex.swift */ = {isa = PBXFileReference; lastKnownFileType = sourcecode.swift; path = "Color+init_hex.swift"; sourceTree = "<group>"; };
/* End PBXFileReference section */

/* Begin PBXGroup section */
		037B3835294B5B3F00FC8617 = {
			isa = PBXGroup;
			children = (
				0392F9272950BBB000ACDEDC /* Color+init_hex.swift */,
				037B383C294B5B9E00FC8617 /* Activity.swift */,
			);
			sourceTree = "<group>";
		};
/* End PBXGroup section */

/* Begin PBXProject section */
		037B3836294B5B3F00FC8617 /* Project object */ = {
			isa = PBXProject;
			attributes = {
				BuildIndependentTargetsInParallel = 1;
				LastUpgradeCheck = 1410;
			};
			buildConfigurationList = 037B3839294B5B3F00FC8617 /* Build configuration list for PBXProject "LiveActivityCountdownActivity" */;
			compatibilityVersion = "Xcode 14.0";
			developmentRegion = en;
			hasScannedForEncodings = 0;
			knownRegions = (
				en,
				Base,
			);
			mainGroup = 037B3835294B5B3F00FC8617;
			projectDirPath = "";
			projectRoot = "";
			targets = (
			);
		};
/* End PBXProject section */

/* Begin XCBuildConfiguration section */
		037B383A294B5B3F00FC8617 /* Debug */ = {
			isa = XCBuildConfiguration;
			buildSettings = {
			};
			name = Debug;
		};
		037B383B294B5B3F00FC8617 /* Release */ = {
			isa = XCBuildConfiguration;
			buildSettings = {
			};
			name = Release;
		};
/* End XCBuildConfiguration section */

/* Begin XCConfigurationList section */
		037B3839294B5B3F00FC8617 /* Build configuration list for PBXProject "LiveActivityCountdownActivity" */ = {
			isa = XCConfigurationList;
			buildConfigurations = (
				037B383A294B5B3F00FC8617 /* Debug */,
				037B383B294B5B3F00FC8617 /* Release */,
			);
			defaultConfigurationIsVisible = 0;
			defaultConfigurationName = Release;
		};
/* End XCConfigurationList section */
	};
	rootObject = 037B3836294B5B3F00FC8617 /* Project object */;
}
